
Microsoft Visual Studio Solution File, Format Version 12.00
# Visual Studio Version 16
VisualStudioVersion = 16.0.29521.150
MinimumVisualStudioVersion = 10.0.40219.1
Project("{FAE04EC0-301F-11D3-BF4B-00C04F79EFBC}") = "MaterialProperties", "src\MaterialProperties\MaterialProperties.csproj", "{BBC69674-6709-4146-93E5-3714B793BAD4}"
EndProject
Project("{FAE04EC0-301F-11D3-BF4B-00C04F79EFBC}") = "MaterialPropertiesTest", "test\MaterialPropertiesTest\MaterialPropertiesTest.csproj", "{95891E3A-40EB-48F9-BE83-9AB9189E4DB6}"
EndProject
Global
	GlobalSection(SolutionConfigurationPlatforms) = preSolution
		Debug|Any CPU = Debug|Any CPU
		Release|Any CPU = Release|Any CPU
	EndGlobalSection
	GlobalSection(ProjectConfigurationPlatforms) = postSolution
		{BBC69674-6709-4146-93E5-3714B793BAD4}.Debug|Any CPU.ActiveCfg = Debug|Any CPU
		{BBC69674-6709-4146-93E5-3714B793BAD4}.Debug|Any CPU.Build.0 = Debug|Any CPU
		{BBC69674-6709-4146-93E5-3714B793BAD4}.Release|Any CPU.ActiveCfg = Release|Any CPU
		{BBC69674-6709-4146-93E5-3714B793BAD4}.Release|Any CPU.Build.0 = Release|Any CPU
		{95891E3A-40EB-48F9-BE83-9AB9189E4DB6}.Debug|Any CPU.ActiveCfg = Debug|Any CPU
		{95891E3A-40EB-48F9-BE83-9AB9189E4DB6}.Debug|Any CPU.Build.0 = Debug|Any CPU
		{95891E3A-40EB-48F9-BE83-9AB9189E4DB6}.Release|Any CPU.ActiveCfg = Release|Any CPU
		{95891E3A-40EB-48F9-BE83-9AB9189E4DB6}.Release|Any CPU.Build.0 = Release|Any CPU
	EndGlobalSection
	GlobalSection(SolutionProperties) = preSolution
		HideSolutionNode = FALSE
	EndGlobalSection
	GlobalSection(ExtensibilityGlobals) = postSolution
		SolutionGuid = {4BEF2DA7-623A-47EA-8C55-2B6D8FD987B1}
	EndGlobalSection
EndGlobal
